
Microsoft Visual Studio Solution File, Format Version 12.00
# Visual Studio Version 17
VisualStudioVersion = 17.2.32630.192
MinimumVisualStudioVersion = 10.0.40219.1
Project("{9A19103F-16F7-4668-BE54-9A1E7A4F7556}") = "CalcWebApi", "CalcWebApi\CalcWebApi.csproj", "{CBCB0BE2-5DA6-4C52-9C65-B19A740DC9EB}"
EndProject
Global
	GlobalSection(SolutionConfigurationPlatforms) = preSolution
		Debug|Any CPU = Debug|Any CPU
		Release|Any CPU = Release|Any CPU
	EndGlobalSection
	GlobalSection(ProjectConfigurationPlatforms) = postSolution
		{CBCB0BE2-5DA6-4C52-9C65-B19A740DC9EB}.Debug|Any CPU.ActiveCfg = Debug|Any CPU
		{CBCB0BE2-5DA6-4C52-9C65-B19A740DC9EB}.Debug|Any CPU.Build.0 = Debug|Any CPU
		{CBCB0BE2-5DA6-4C52-9C65-B19A740DC9EB}.Release|Any CPU.ActiveCfg = Release|Any CPU
		{CBCB0BE2-5DA6-4C52-9C65-B19A740DC9EB}.Release|Any CPU.Build.0 = Release|Any CPU
	EndGlobalSection
	GlobalSection(SolutionProperties) = preSolution
		HideSolutionNode = FALSE
	EndGlobalSection
	GlobalSection(ExtensibilityGlobals) = postSolution
		SolutionGuid = {C728A567-86A5-4B49-8268-2E4C5C89CA75}
	EndGlobalSection
EndGlobal
